
Microsoft Visual Studio Solution File, Format Version 12.00
# Visual Studio Version 17
VisualStudioVersion = 17.0.31903.59
MinimumVisualStudioVersion = 10.0.40219.1
Project("{FAE04EC0-301F-11D3-BF4B-00C04F79EFBC}") = "InvestTracker.Bootstrapper", "src\Bootstrapper\InvestTracker.Bootstrapper\InvestTracker.Bootstrapper.csproj", "{A8EAF0EF-1EDD-4892-B401-95B2BE6FDAE7}"
EndProject
Project("{2150E333-8FDC-42A3-9474-1A3956D46DE8}") = "src", "src", "{9641B3D3-0970-41F6-A91D-30D1B624BC5A}"
EndProject
Project("{2150E333-8FDC-42A3-9474-1A3956D46DE8}") = "Bootstrapper", "Bootstrapper", "{FFA43F61-B2B4-4E69-8377-868B00556316}"
EndProject
Project("{2150E333-8FDC-42A3-9474-1A3956D46DE8}") = "Modules", "Modules", "{350A46BF-0A07-42FE-8B2F-9DAEF545740E}"
EndProject
Project("{2150E333-8FDC-42A3-9474-1A3956D46DE8}") = "Shared", "Shared", "{818DE6B9-B8B9-4178-84AA-889D2D872414}"
EndProject
Project("{FAE04EC0-301F-11D3-BF4B-00C04F79EFBC}") = "InvestTracker.Shared.Abstractions", "src\Shared\InvestTracker.Shared.Abstractions\InvestTracker.Shared.Abstractions.csproj", "{069FC908-1959-4418-8ED5-2C2BE7BC7200}"
EndProject
Project("{FAE04EC0-301F-11D3-BF4B-00C04F79EFBC}") = "InvestTracker.Shared.Infrastructure", "src\Shared\InvestTracker.Shared.Infrastructure\InvestTracker.Shared.Infrastructure.csproj", "{2C29B55C-7EAA-4375-B9EA-8A2F9347A411}"
EndProject
Project("{2150E333-8FDC-42A3-9474-1A3956D46DE8}") = "Offers", "Offers", "{C7210956-5E1C-490C-82EE-121FE434A6B5}"
EndProject
Project("{2150E333-8FDC-42A3-9474-1A3956D46DE8}") = "InvestmentStrategies", "InvestmentStrategies", "{D66078DE-E2D4-4679-837D-02CE47C8D77E}"
EndProject
Project("{2150E333-8FDC-42A3-9474-1A3956D46DE8}") = "Notifications", "Notifications", "{BA7D440E-3A4B-4109-A4BF-65333EC607CF}"
EndProject
Project("{2150E333-8FDC-42A3-9474-1A3956D46DE8}") = "Calculators", "Calculators", "{483C828E-AE1C-458D-A54F-4E46D694E667}"
EndProject
Project("{2150E333-8FDC-42A3-9474-1A3956D46DE8}") = "Users", "Users", "{13CF30E0-A18C-427D-8284-722F779AF474}"
EndProject
Project("{2150E333-8FDC-42A3-9474-1A3956D46DE8}") = "src", "src", "{B7753496-E8C8-4E94-8748-8FDD18163A7F}"
EndProject
Project("{2150E333-8FDC-42A3-9474-1A3956D46DE8}") = "tests", "tests", "{A2AA886F-3436-483C-8312-DA6F94F110C6}"
EndProject
Project("{FAE04EC0-301F-11D3-BF4B-00C04F79EFBC}") = "InvestTracker.Offers.Api", "src\Modules\Offers\src\InvestTracker.Offers.Api\InvestTracker.Offers.Api.csproj", "{8ACC1F17-32B4-4EB6-98FA-C24CBD5B129C}"
EndProject
Project("{FAE04EC0-301F-11D3-BF4B-00C04F79EFBC}") = "InvestTracker.Offers.Core", "src\Modules\Offers\src\InvestTracker.Offers.Core\InvestTracker.Offers.Core.csproj", "{CEA51332-F40F-413D-91EF-2EA2B3BB4DE0}"
EndProject
Project("{2150E333-8FDC-42A3-9474-1A3956D46DE8}") = "src", "src", "{12E36A5B-37C4-4100-B4CE-0F5ACCC8082E}"
EndProject
Project("{2150E333-8FDC-42A3-9474-1A3956D46DE8}") = "tests", "tests", "{F4BC1FB9-C27A-4A91-9A38-514CD541CC18}"
EndProject
Project("{2150E333-8FDC-42A3-9474-1A3956D46DE8}") = "src", "src", "{CBBB0917-35BB-45DB-BA70-052099ED7D0F}"
EndProject
Project("{2150E333-8FDC-42A3-9474-1A3956D46DE8}") = "tests", "tests", "{832E8059-1217-44F3-A694-19ED050DBD8F}"
EndProject
Project("{2150E333-8FDC-42A3-9474-1A3956D46DE8}") = "src", "src", "{207AE334-07BB-4B4E-BF1B-91AC4C57B4CD}"
EndProject
Project("{2150E333-8FDC-42A3-9474-1A3956D46DE8}") = "tests", "tests", "{7469734F-C17D-4B31-B884-C92ECB12F991}"
EndProject
Project("{2150E333-8FDC-42A3-9474-1A3956D46DE8}") = "src", "src", "{7B84327C-5E27-4CDF-8E35-723C1FDA1BD1}"
EndProject
Project("{2150E333-8FDC-42A3-9474-1A3956D46DE8}") = "tests", "tests", "{1A4D2D1A-5DF4-4C3A-96A6-FF46BCF05560}"
EndProject
Project("{FAE04EC0-301F-11D3-BF4B-00C04F79EFBC}") = "InvestTracker.Notifications.Api", "src\Modules\Notifications\src\InvestTracker.Notifications.Api\InvestTracker.Notifications.Api.csproj", "{2A5A3ED1-199A-47F5-AD97-B48C7BDBB8AA}"
EndProject
Project("{FAE04EC0-301F-11D3-BF4B-00C04F79EFBC}") = "InvestTracker.Notifications.Core", "src\Modules\Notifications\src\InvestTracker.Notifications.Core\InvestTracker.Notifications.Core.csproj", "{01F9AC98-D90C-4799-95C4-D6A2A704C34D}"
EndProject
Project("{FAE04EC0-301F-11D3-BF4B-00C04F79EFBC}") = "InvestTracker.InvestmentStrategies.Api", "src\Modules\InvestmentStrategies\src\InvestTracker.InvestmentStrategies.Api\InvestTracker.InvestmentStrategies.Api.csproj", "{B7EDE2A5-25CC-45DF-884E-46348B714721}"
EndProject
Project("{FAE04EC0-301F-11D3-BF4B-00C04F79EFBC}") = "InvestTracker.InvestmentStrategies.Application", "src\Modules\InvestmentStrategies\src\InvestTracker.InvestmentStrategies.Application\InvestTracker.InvestmentStrategies.Application.csproj", "{A082D3A8-64BF-4ECB-BBA1-AE4F23D5A00D}"
EndProject
Project("{FAE04EC0-301F-11D3-BF4B-00C04F79EFBC}") = "InvestTracker.InvestmentStrategies.Domain", "src\Modules\InvestmentStrategies\src\InvestTracker.InvestmentStrategies.Domain\InvestTracker.InvestmentStrategies.Domain.csproj", "{0880167A-95FE-4F54-9256-F6BCAA12F669}"
EndProject
Project("{FAE04EC0-301F-11D3-BF4B-00C04F79EFBC}") = "InvestTracker.InvestmentStrategies.Infrastructure", "src\Modules\InvestmentStrategies\src\InvestTracker.InvestmentStrategies.Infrastructure\InvestTracker.InvestmentStrategies.Infrastructure.csproj", "{519B821F-E463-4328-B3C9-9C6A5B79CD96}"
EndProject
Project("{FAE04EC0-301F-11D3-BF4B-00C04F79EFBC}") = "InvestTracker.Calculators.Api", "src\Modules\Calculators\src\InvestTracker.Calculators.Api\InvestTracker.Calculators.Api.csproj", "{43BB9BAF-45A7-451D-98CA-F39664BF2286}"
EndProject
Project("{FAE04EC0-301F-11D3-BF4B-00C04F79EFBC}") = "InvestTracker.Calculators.Core", "src\Modules\Calculators\src\InvestTracker.Calculators.Core\InvestTracker.Calculators.Core.csproj", "{EAF35739-0051-48CE-A154-A11E0186CB8E}"
EndProject
Project("{FAE04EC0-301F-11D3-BF4B-00C04F79EFBC}") = "InvestTracker.Users.Api", "src\Modules\Users\src\InvestTracker.Users.Api\InvestTracker.Users.Api.csproj", "{A1C65783-83F8-4BE0-A506-2E3C383084E0}"
EndProject
Project("{FAE04EC0-301F-11D3-BF4B-00C04F79EFBC}") = "InvestTracker.Users.Core", "src\Modules\Users\src\InvestTracker.Users.Core\InvestTracker.Users.Core.csproj", "{F57B30D1-3D95-40EE-8EC9-6C4D9CAC4D4C}"
EndProject
Project("{FAE04EC0-301F-11D3-BF4B-00C04F79EFBC}") = "InvestTracker.Users.UnitTests", "src\Modules\Users\tests\InvestTracker.Users.UnitTests\InvestTracker.Users.UnitTests.csproj", "{E30CC742-4E48-4B29-B0C6-D4350A1EE07E}"
EndProject
Project("{FAE04EC0-301F-11D3-BF4B-00C04F79EFBC}") = "InvestTracker.InvestmentStrategies.UnitTests", "src\Modules\InvestmentStrategies\tests\InvestTracker.InvestmentStrategies.UnitTests\InvestTracker.InvestmentStrategies.UnitTests.csproj", "{8B808731-D152-47AE-ACB3-B673A7A6B143}"
EndProject
Project("{FAE04EC0-301F-11D3-BF4B-00C04F79EFBC}") = "NotificationsClientTestApp", "src\Modules\Notifications\tests\NotificationsClientTestApp\NotificationsClientTestApp.csproj", "{113D8AD1-DE7B-44BB-A47E-F89EAC1BD166}"
EndProject
Global
	GlobalSection(SolutionConfigurationPlatforms) = preSolution
		Debug|Any CPU = Debug|Any CPU
		Release|Any CPU = Release|Any CPU
	EndGlobalSection
	GlobalSection(SolutionProperties) = preSolution
		HideSolutionNode = FALSE
	EndGlobalSection
	GlobalSection(ProjectConfigurationPlatforms) = postSolution
		{A8EAF0EF-1EDD-4892-B401-95B2BE6FDAE7}.Debug|Any CPU.ActiveCfg = Debug|Any CPU
		{A8EAF0EF-1EDD-4892-B401-95B2BE6FDAE7}.Debug|Any CPU.Build.0 = Debug|Any CPU
		{A8EAF0EF-1EDD-4892-B401-95B2BE6FDAE7}.Release|Any CPU.ActiveCfg = Release|Any CPU
		{A8EAF0EF-1EDD-4892-B401-95B2BE6FDAE7}.Release|Any CPU.Build.0 = Release|Any CPU
		{069FC908-1959-4418-8ED5-2C2BE7BC7200}.Debug|Any CPU.ActiveCfg = Debug|Any CPU
		{069FC908-1959-4418-8ED5-2C2BE7BC7200}.Debug|Any CPU.Build.0 = Debug|Any CPU
		{069FC908-1959-4418-8ED5-2C2BE7BC7200}.Release|Any CPU.ActiveCfg = Release|Any CPU
		{069FC908-1959-4418-8ED5-2C2BE7BC7200}.Release|Any CPU.Build.0 = Release|Any CPU
		{2C29B55C-7EAA-4375-B9EA-8A2F9347A411}.Debug|Any CPU.ActiveCfg = Debug|Any CPU
		{2C29B55C-7EAA-4375-B9EA-8A2F9347A411}.Debug|Any CPU.Build.0 = Debug|Any CPU
		{2C29B55C-7EAA-4375-B9EA-8A2F9347A411}.Release|Any CPU.ActiveCfg = Release|Any CPU
		{2C29B55C-7EAA-4375-B9EA-8A2F9347A411}.Release|Any CPU.Build.0 = Release|Any CPU
		{8ACC1F17-32B4-4EB6-98FA-C24CBD5B129C}.Debug|Any CPU.ActiveCfg = Debug|Any CPU
		{8ACC1F17-32B4-4EB6-98FA-C24CBD5B129C}.Debug|Any CPU.Build.0 = Debug|Any CPU
		{8ACC1F17-32B4-4EB6-98FA-C24CBD5B129C}.Release|Any CPU.ActiveCfg = Release|Any CPU
		{8ACC1F17-32B4-4EB6-98FA-C24CBD5B129C}.Release|Any CPU.Build.0 = Release|Any CPU
		{CEA51332-F40F-413D-91EF-2EA2B3BB4DE0}.Debug|Any CPU.ActiveCfg = Debug|Any CPU
		{CEA51332-F40F-413D-91EF-2EA2B3BB4DE0}.Debug|Any CPU.Build.0 = Debug|Any CPU
		{CEA51332-F40F-413D-91EF-2EA2B3BB4DE0}.Release|Any CPU.ActiveCfg = Release|Any CPU
		{CEA51332-F40F-413D-91EF-2EA2B3BB4DE0}.Release|Any CPU.Build.0 = Release|Any CPU
		{2A5A3ED1-199A-47F5-AD97-B48C7BDBB8AA}.Debug|Any CPU.ActiveCfg = Debug|Any CPU
		{2A5A3ED1-199A-47F5-AD97-B48C7BDBB8AA}.Debug|Any CPU.Build.0 = Debug|Any CPU
		{2A5A3ED1-199A-47F5-AD97-B48C7BDBB8AA}.Release|Any CPU.ActiveCfg = Release|Any CPU
		{2A5A3ED1-199A-47F5-AD97-B48C7BDBB8AA}.Release|Any CPU.Build.0 = Release|Any CPU
		{01F9AC98-D90C-4799-95C4-D6A2A704C34D}.Debug|Any CPU.ActiveCfg = Debug|Any CPU
		{01F9AC98-D90C-4799-95C4-D6A2A704C34D}.Debug|Any CPU.Build.0 = Debug|Any CPU
		{01F9AC98-D90C-4799-95C4-D6A2A704C34D}.Release|Any CPU.ActiveCfg = Release|Any CPU
		{01F9AC98-D90C-4799-95C4-D6A2A704C34D}.Release|Any CPU.Build.0 = Release|Any CPU
		{B7EDE2A5-25CC-45DF-884E-46348B714721}.Debug|Any CPU.ActiveCfg = Debug|Any CPU
		{B7EDE2A5-25CC-45DF-884E-46348B714721}.Debug|Any CPU.Build.0 = Debug|Any CPU
		{B7EDE2A5-25CC-45DF-884E-46348B714721}.Release|Any CPU.ActiveCfg = Release|Any CPU
		{B7EDE2A5-25CC-45DF-884E-46348B714721}.Release|Any CPU.Build.0 = Release|Any CPU
		{A082D3A8-64BF-4ECB-BBA1-AE4F23D5A00D}.Debug|Any CPU.ActiveCfg = Debug|Any CPU
		{A082D3A8-64BF-4ECB-BBA1-AE4F23D5A00D}.Debug|Any CPU.Build.0 = Debug|Any CPU
		{A082D3A8-64BF-4ECB-BBA1-AE4F23D5A00D}.Release|Any CPU.ActiveCfg = Release|Any CPU
		{A082D3A8-64BF-4ECB-BBA1-AE4F23D5A00D}.Release|Any CPU.Build.0 = Release|Any CPU
		{0880167A-95FE-4F54-9256-F6BCAA12F669}.Debug|Any CPU.ActiveCfg = Debug|Any CPU
		{0880167A-95FE-4F54-9256-F6BCAA12F669}.Debug|Any CPU.Build.0 = Debug|Any CPU
		{0880167A-95FE-4F54-9256-F6BCAA12F669}.Release|Any CPU.ActiveCfg = Release|Any CPU
		{0880167A-95FE-4F54-9256-F6BCAA12F669}.Release|Any CPU.Build.0 = Release|Any CPU
		{519B821F-E463-4328-B3C9-9C6A5B79CD96}.Debug|Any CPU.ActiveCfg = Debug|Any CPU
		{519B821F-E463-4328-B3C9-9C6A5B79CD96}.Debug|Any CPU.Build.0 = Debug|Any CPU
		{519B821F-E463-4328-B3C9-9C6A5B79CD96}.Release|Any CPU.ActiveCfg = Release|Any CPU
		{519B821F-E463-4328-B3C9-9C6A5B79CD96}.Release|Any CPU.Build.0 = Release|Any CPU
		{43BB9BAF-45A7-451D-98CA-F39664BF2286}.Debug|Any CPU.ActiveCfg = Debug|Any CPU
		{43BB9BAF-45A7-451D-98CA-F39664BF2286}.Debug|Any CPU.Build.0 = Debug|Any CPU
		{43BB9BAF-45A7-451D-98CA-F39664BF2286}.Release|Any CPU.ActiveCfg = Release|Any CPU
		{43BB9BAF-45A7-451D-98CA-F39664BF2286}.Release|Any CPU.Build.0 = Release|Any CPU
		{EAF35739-0051-48CE-A154-A11E0186CB8E}.Debug|Any CPU.ActiveCfg = Debug|Any CPU
		{EAF35739-0051-48CE-A154-A11E0186CB8E}.Debug|Any CPU.Build.0 = Debug|Any CPU
		{EAF35739-0051-48CE-A154-A11E0186CB8E}.Release|Any CPU.ActiveCfg = Release|Any CPU
		{EAF35739-0051-48CE-A154-A11E0186CB8E}.Release|Any CPU.Build.0 = Release|Any CPU
		{A1C65783-83F8-4BE0-A506-2E3C383084E0}.Debug|Any CPU.ActiveCfg = Debug|Any CPU
		{A1C65783-83F8-4BE0-A506-2E3C383084E0}.Debug|Any CPU.Build.0 = Debug|Any CPU
		{A1C65783-83F8-4BE0-A506-2E3C383084E0}.Release|Any CPU.ActiveCfg = Release|Any CPU
		{A1C65783-83F8-4BE0-A506-2E3C383084E0}.Release|Any CPU.Build.0 = Release|Any CPU
		{F57B30D1-3D95-40EE-8EC9-6C4D9CAC4D4C}.Debug|Any CPU.ActiveCfg = Debug|Any CPU
		{F57B30D1-3D95-40EE-8EC9-6C4D9CAC4D4C}.Debug|Any CPU.Build.0 = Debug|Any CPU
		{F57B30D1-3D95-40EE-8EC9-6C4D9CAC4D4C}.Release|Any CPU.ActiveCfg = Release|Any CPU
		{F57B30D1-3D95-40EE-8EC9-6C4D9CAC4D4C}.Release|Any CPU.Build.0 = Release|Any CPU
		{E30CC742-4E48-4B29-B0C6-D4350A1EE07E}.Debug|Any CPU.ActiveCfg = Debug|Any CPU
		{E30CC742-4E48-4B29-B0C6-D4350A1EE07E}.Debug|Any CPU.Build.0 = Debug|Any CPU
		{E30CC742-4E48-4B29-B0C6-D4350A1EE07E}.Release|Any CPU.ActiveCfg = Release|Any CPU
		{E30CC742-4E48-4B29-B0C6-D4350A1EE07E}.Release|Any CPU.Build.0 = Release|Any CPU
		{8B808731-D152-47AE-ACB3-B673A7A6B143}.Debug|Any CPU.ActiveCfg = Debug|Any CPU
		{8B808731-D152-47AE-ACB3-B673A7A6B143}.Debug|Any CPU.Build.0 = Debug|Any CPU
		{8B808731-D152-47AE-ACB3-B673A7A6B143}.Release|Any CPU.ActiveCfg = Release|Any CPU
		{8B808731-D152-47AE-ACB3-B673A7A6B143}.Release|Any CPU.Build.0 = Release|Any CPU
		{113D8AD1-DE7B-44BB-A47E-F89EAC1BD166}.Debug|Any CPU.ActiveCfg = Debug|Any CPU
		{113D8AD1-DE7B-44BB-A47E-F89EAC1BD166}.Debug|Any CPU.Build.0 = Debug|Any CPU
		{113D8AD1-DE7B-44BB-A47E-F89EAC1BD166}.Release|Any CPU.ActiveCfg = Release|Any CPU
		{113D8AD1-DE7B-44BB-A47E-F89EAC1BD166}.Release|Any CPU.Build.0 = Release|Any CPU
	EndGlobalSection
	GlobalSection(NestedProjects) = preSolution
		{FFA43F61-B2B4-4E69-8377-868B00556316} = {9641B3D3-0970-41F6-A91D-30D1B624BC5A}
		{A8EAF0EF-1EDD-4892-B401-95B2BE6FDAE7} = {FFA43F61-B2B4-4E69-8377-868B00556316}
		{350A46BF-0A07-42FE-8B2F-9DAEF545740E} = {9641B3D3-0970-41F6-A91D-30D1B624BC5A}
		{818DE6B9-B8B9-4178-84AA-889D2D872414} = {9641B3D3-0970-41F6-A91D-30D1B624BC5A}
		{069FC908-1959-4418-8ED5-2C2BE7BC7200} = {818DE6B9-B8B9-4178-84AA-889D2D872414}
		{2C29B55C-7EAA-4375-B9EA-8A2F9347A411} = {818DE6B9-B8B9-4178-84AA-889D2D872414}
		{C7210956-5E1C-490C-82EE-121FE434A6B5} = {350A46BF-0A07-42FE-8B2F-9DAEF545740E}
		{D66078DE-E2D4-4679-837D-02CE47C8D77E} = {350A46BF-0A07-42FE-8B2F-9DAEF545740E}
		{BA7D440E-3A4B-4109-A4BF-65333EC607CF} = {350A46BF-0A07-42FE-8B2F-9DAEF545740E}
		{483C828E-AE1C-458D-A54F-4E46D694E667} = {350A46BF-0A07-42FE-8B2F-9DAEF545740E}
		{13CF30E0-A18C-427D-8284-722F779AF474} = {350A46BF-0A07-42FE-8B2F-9DAEF545740E}
		{B7753496-E8C8-4E94-8748-8FDD18163A7F} = {C7210956-5E1C-490C-82EE-121FE434A6B5}
		{A2AA886F-3436-483C-8312-DA6F94F110C6} = {C7210956-5E1C-490C-82EE-121FE434A6B5}
		{8ACC1F17-32B4-4EB6-98FA-C24CBD5B129C} = {B7753496-E8C8-4E94-8748-8FDD18163A7F}
		{CEA51332-F40F-413D-91EF-2EA2B3BB4DE0} = {B7753496-E8C8-4E94-8748-8FDD18163A7F}
		{12E36A5B-37C4-4100-B4CE-0F5ACCC8082E} = {BA7D440E-3A4B-4109-A4BF-65333EC607CF}
		{F4BC1FB9-C27A-4A91-9A38-514CD541CC18} = {BA7D440E-3A4B-4109-A4BF-65333EC607CF}
		{CBBB0917-35BB-45DB-BA70-052099ED7D0F} = {D66078DE-E2D4-4679-837D-02CE47C8D77E}
		{832E8059-1217-44F3-A694-19ED050DBD8F} = {D66078DE-E2D4-4679-837D-02CE47C8D77E}
		{207AE334-07BB-4B4E-BF1B-91AC4C57B4CD} = {483C828E-AE1C-458D-A54F-4E46D694E667}
		{7469734F-C17D-4B31-B884-C92ECB12F991} = {483C828E-AE1C-458D-A54F-4E46D694E667}
		{7B84327C-5E27-4CDF-8E35-723C1FDA1BD1} = {13CF30E0-A18C-427D-8284-722F779AF474}
		{1A4D2D1A-5DF4-4C3A-96A6-FF46BCF05560} = {13CF30E0-A18C-427D-8284-722F779AF474}
		{2A5A3ED1-199A-47F5-AD97-B48C7BDBB8AA} = {12E36A5B-37C4-4100-B4CE-0F5ACCC8082E}
		{01F9AC98-D90C-4799-95C4-D6A2A704C34D} = {12E36A5B-37C4-4100-B4CE-0F5ACCC8082E}
		{B7EDE2A5-25CC-45DF-884E-46348B714721} = {CBBB0917-35BB-45DB-BA70-052099ED7D0F}
		{A082D3A8-64BF-4ECB-BBA1-AE4F23D5A00D} = {CBBB0917-35BB-45DB-BA70-052099ED7D0F}
		{0880167A-95FE-4F54-9256-F6BCAA12F669} = {CBBB0917-35BB-45DB-BA70-052099ED7D0F}
		{519B821F-E463-4328-B3C9-9C6A5B79CD96} = {CBBB0917-35BB-45DB-BA70-052099ED7D0F}
		{43BB9BAF-45A7-451D-98CA-F39664BF2286} = {207AE334-07BB-4B4E-BF1B-91AC4C57B4CD}
		{EAF35739-0051-48CE-A154-A11E0186CB8E} = {207AE334-07BB-4B4E-BF1B-91AC4C57B4CD}
		{A1C65783-83F8-4BE0-A506-2E3C383084E0} = {7B84327C-5E27-4CDF-8E35-723C1FDA1BD1}
		{F57B30D1-3D95-40EE-8EC9-6C4D9CAC4D4C} = {7B84327C-5E27-4CDF-8E35-723C1FDA1BD1}
		{E30CC742-4E48-4B29-B0C6-D4350A1EE07E} = {1A4D2D1A-5DF4-4C3A-96A6-FF46BCF05560}
		{8B808731-D152-47AE-ACB3-B673A7A6B143} = {832E8059-1217-44F3-A694-19ED050DBD8F}
		{113D8AD1-DE7B-44BB-A47E-F89EAC1BD166} = {F4BC1FB9-C27A-4A91-9A38-514CD541CC18}
	EndGlobalSection
EndGlobal
